
Microsoft Visual Studio Solution File, Format Version 12.00
# Visual Studio Version 17
VisualStudioVersion = 17.4.33205.214
MinimumVisualStudioVersion = 10.0.40219.1
Project("{FAE04EC0-301F-11D3-BF4B-00C04F79EFBC}") = "MicroControler", "SFML turorial\MicroControler.csproj", "{3EE3CCE0-2062-442C-90AF-B774B85DCCD3}"
EndProject
Global
	GlobalSection(SolutionConfigurationPlatforms) = preSolution
		Debug|Any CPU = Debug|Any CPU
		Debug|x64 = Debug|x64
		Release|Any CPU = Release|Any CPU
		Release|x64 = Release|x64
	EndGlobalSection
	GlobalSection(ProjectConfigurationPlatforms) = postSolution
		{3EE3CCE0-2062-442C-90AF-B774B85DCCD3}.Debug|Any CPU.ActiveCfg = Debug|Any CPU
		{3EE3CCE0-2062-442C-90AF-B774B85DCCD3}.Debug|Any CPU.Build.0 = Debug|Any CPU
		{3EE3CCE0-2062-442C-90AF-B774B85DCCD3}.Debug|x64.ActiveCfg = Debug|Any CPU
		{3EE3CCE0-2062-442C-90AF-B774B85DCCD3}.Debug|x64.Build.0 = Debug|Any CPU
		{3EE3CCE0-2062-442C-90AF-B774B85DCCD3}.Release|Any CPU.ActiveCfg = Release|Any CPU
		{3EE3CCE0-2062-442C-90AF-B774B85DCCD3}.Release|Any CPU.Build.0 = Release|Any CPU
		{3EE3CCE0-2062-442C-90AF-B774B85DCCD3}.Release|x64.ActiveCfg = Release|x64
		{3EE3CCE0-2062-442C-90AF-B774B85DCCD3}.Release|x64.Build.0 = Release|x64
	EndGlobalSection
	GlobalSection(SolutionProperties) = preSolution
		HideSolutionNode = FALSE
	EndGlobalSection
	GlobalSection(ExtensibilityGlobals) = postSolution
		SolutionGuid = {F48461CA-AAA0-4942-920A-29DD634BDEE8}
	EndGlobalSection
EndGlobal
